{
  "requires": true,
  "lockfileVersion": 1,
  "dependencies": {
    "body-parser": {
      "version": "1.18.2",
      "resolved": "https://registry.npmjs.org/body-parser/-/body-parser-1.18.2.tgz",
      "integrity": "sha1-h2eKGdhLR9hZuDGZvVm84iKxBFQ=",
      "requires": {
        "bytes": "3.0.0",
        "content-type": "1.0.4",
        "debug": "2.6.9",
        "depd": "1.1.2",
        "http-errors": "1.6.2",
        "iconv-lite": "0.4.19",
        "on-finished": "2.3.0",
        "qs": "6.5.1",
        "raw-body": "2.3.2",
        "type-is": "1.6.16"
      },
      "dependencies": {
        "bytes": {
          "version": "3.0.0",
          "bundled": true
        },
        "content-type": {
          "version": "1.0.4",
          "bundled": true
        },
        "debug": {
          "version": "2.6.9",
          "bundled": true,
          "requires": {
            "ms": "2.0.0"
          }
        },
        "depd": {
          "version": "1.1.2",
          "bundled": true
        },
        "ee-first": {
          "version": "1.1.1",
          "bundled": true
        },
        "http-errors": {
          "version": "1.6.2",
          "bundled": true,
          "requires": {
            "depd": "1.1.1",
            "inherits": "2.0.3",
            "setprototypeof": "1.0.3",
            "statuses": "1.4.0"
          },
          "dependencies": {
            "depd": {
              "version": "1.1.1",
              "bundled": true
            }
          }
        },
        "iconv-lite": {
          "version": "0.4.19",
          "bundled": true
        },
        "inherits": {
          "version": "2.0.3",
          "bundled": true
        },
        "media-typer": {
          "version": "0.3.0",
          "bundled": true
        },
        "mime-db": {
          "version": "1.33.0",
          "bundled": true
        },
        "mime-types": {
          "version": "2.1.18",
          "bundled": true,
          "requires": {
            "mime-db": "1.33.0"
          }
        },
        "ms": {
          "version": "2.0.0",
          "bundled": true
        },
        "on-finished": {
          "version": "2.3.0",
          "bundled": true,
          "requires": {
            "ee-first": "1.1.1"
          }
        },
        "qs": {
          "version": "6.5.1",
          "bundled": true
        },
        "raw-body": {
          "version": "2.3.2",
          "bundled": true,
          "requires": {
            "bytes": "3.0.0",
            "http-errors": "1.6.2",
            "iconv-lite": "0.4.19",
            "unpipe": "1.0.0"
          }
        },
        "setprototypeof": {
          "version": "1.0.3",
          "bundled": true
        },
        "statuses": {
          "version": "1.4.0",
          "bundled": true
        },
        "type-is": {
          "version": "1.6.16",
          "bundled": true,
          "requires": {
            "media-typer": "0.3.0",
            "mime-types": "2.1.18"
          }
        },
        "unpipe": {
          "version": "1.0.0",
          "bundled": true
        }
      }
    },
    "circular-json": {
      "version": "0.5.1",
      "resolved": "https://registry.npmjs.org/circular-json/-/circular-json-0.5.1.tgz",
      "integrity": "sha512-UjgcRlTAhAkLeXmDe2wK7ktwy/tgAqxiSndTIPiFZuIPLZmzHzWMwUIe9h9m/OokypG7snxCDEuwJshGBdPvaw=="
    }
  }
}
